
Microsoft Visual Studio Solution File, Format Version 12.00
# Visual Studio Version 17
VisualStudioVersion = 17.13.35818.85
MinimumVisualStudioVersion = 10.0.40219.1
Project("{2150E333-8FDC-42A3-9474-1A3956D46DE8}") = "src", "src", "{02EA681E-C7D8-13C7-8484-4AC65E1B71E8}"
EndProject
Project("{2150E333-8FDC-42A3-9474-1A3956D46DE8}") = "test", "test", "{C0757033-B957-415C-AE67-66349B64CB81}"
EndProject
Project("{2150E333-8FDC-42A3-9474-1A3956D46DE8}") = "API", "API", "{0B7044BC-8001-4760-8E9C-71AEAB6E04E2}"
EndProject
Project("{2150E333-8FDC-42A3-9474-1A3956D46DE8}") = "Core", "Core", "{26BD1E87-71CD-4B1E-A39F-6FB69B02A260}"
EndProject
Project("{2150E333-8FDC-42A3-9474-1A3956D46DE8}") = "Infrastructure", "Infrastructure", "{330F0116-980E-4137-913B-529158C44F7F}"
EndProject
Project("{2150E333-8FDC-42A3-9474-1A3956D46DE8}") = "UI", "UI", "{951DEEA8-5662-4FBE-9459-32290C54C0A1}"
EndProject
Project("{FAE04EC0-301F-11D3-BF4B-00C04F79EFBC}") = "HR.LeaveManagement.Domain", "src\Core\HR.LeaveManagment.Domain\HR.LeaveManagement.Domain.csproj", "{09E1053A-61B3-4A26-88AC-E7A50406944D}"
EndProject
Project("{FAE04EC0-301F-11D3-BF4B-00C04F79EFBC}") = "HR.LeaveManagement.Application", "src\Core\HR.LeaveManagement.Application\HR.LeaveManagement.Application.csproj", "{A2BA3BDD-FC8E-4CD2-8197-7DB1AF30D76B}"
EndProject
Project("{FAE04EC0-301F-11D3-BF4B-00C04F79EFBC}") = "HR.LeaveManagement.Persistence", "src\Infrastructure\HR.LeaveManagement.Persistence\HR.LeaveManagement.Persistence.csproj", "{23634DF5-AD8C-4BD1-9449-4023B068B088}"
EndProject
Project("{FAE04EC0-301F-11D3-BF4B-00C04F79EFBC}") = "HR.LeaveManagement.Infrastructure", "src\Infrastructure\HR.LeaveManagement.Infrastructure\HR.LeaveManagement.Infrastructure.csproj", "{A3807B96-FF31-4AF1-B70E-EF5A50D8B51D}"
EndProject
Project("{FAE04EC0-301F-11D3-BF4B-00C04F79EFBC}") = "HR.LeaveManagement.Api", "src\Api\HR.LeaveManagment.Api\HR.LeaveManagement.Api.csproj", "{F5FB1278-6B9A-4C9A-B9B1-E10110B7CC2C}"
EndProject
Project("{FAE04EC0-301F-11D3-BF4B-00C04F79EFBC}") = "HR.LeaveManagement.Application.UnitTests", "test\HR.LeaveManagement.Application.UnitTests\HR.LeaveManagement.Application.UnitTests.csproj", "{B1EBD62E-CA97-4EB8-B0BF-E690F33716B3}"
EndProject
Global
	GlobalSection(SolutionConfigurationPlatforms) = preSolution
		Debug|Any CPU = Debug|Any CPU
		Release|Any CPU = Release|Any CPU
	EndGlobalSection
	GlobalSection(ProjectConfigurationPlatforms) = postSolution
		{09E1053A-61B3-4A26-88AC-E7A50406944D}.Debug|Any CPU.ActiveCfg = Debug|Any CPU
		{09E1053A-61B3-4A26-88AC-E7A50406944D}.Debug|Any CPU.Build.0 = Debug|Any CPU
		{09E1053A-61B3-4A26-88AC-E7A50406944D}.Release|Any CPU.ActiveCfg = Release|Any CPU
		{09E1053A-61B3-4A26-88AC-E7A50406944D}.Release|Any CPU.Build.0 = Release|Any CPU
		{A2BA3BDD-FC8E-4CD2-8197-7DB1AF30D76B}.Debug|Any CPU.ActiveCfg = Debug|Any CPU
		{A2BA3BDD-FC8E-4CD2-8197-7DB1AF30D76B}.Debug|Any CPU.Build.0 = Debug|Any CPU
		{A2BA3BDD-FC8E-4CD2-8197-7DB1AF30D76B}.Release|Any CPU.ActiveCfg = Release|Any CPU
		{A2BA3BDD-FC8E-4CD2-8197-7DB1AF30D76B}.Release|Any CPU.Build.0 = Release|Any CPU
		{23634DF5-AD8C-4BD1-9449-4023B068B088}.Debug|Any CPU.ActiveCfg = Debug|Any CPU
		{23634DF5-AD8C-4BD1-9449-4023B068B088}.Debug|Any CPU.Build.0 = Debug|Any CPU
		{23634DF5-AD8C-4BD1-9449-4023B068B088}.Release|Any CPU.ActiveCfg = Release|Any CPU
		{23634DF5-AD8C-4BD1-9449-4023B068B088}.Release|Any CPU.Build.0 = Release|Any CPU
		{A3807B96-FF31-4AF1-B70E-EF5A50D8B51D}.Debug|Any CPU.ActiveCfg = Debug|Any CPU
		{A3807B96-FF31-4AF1-B70E-EF5A50D8B51D}.Debug|Any CPU.Build.0 = Debug|Any CPU
		{A3807B96-FF31-4AF1-B70E-EF5A50D8B51D}.Release|Any CPU.ActiveCfg = Release|Any CPU
		{A3807B96-FF31-4AF1-B70E-EF5A50D8B51D}.Release|Any CPU.Build.0 = Release|Any CPU
		{F5FB1278-6B9A-4C9A-B9B1-E10110B7CC2C}.Debug|Any CPU.ActiveCfg = Debug|Any CPU
		{F5FB1278-6B9A-4C9A-B9B1-E10110B7CC2C}.Debug|Any CPU.Build.0 = Debug|Any CPU
		{F5FB1278-6B9A-4C9A-B9B1-E10110B7CC2C}.Release|Any CPU.ActiveCfg = Release|Any CPU
		{F5FB1278-6B9A-4C9A-B9B1-E10110B7CC2C}.Release|Any CPU.Build.0 = Release|Any CPU
		{B1EBD62E-CA97-4EB8-B0BF-E690F33716B3}.Debug|Any CPU.ActiveCfg = Debug|Any CPU
		{B1EBD62E-CA97-4EB8-B0BF-E690F33716B3}.Debug|Any CPU.Build.0 = Debug|Any CPU
		{B1EBD62E-CA97-4EB8-B0BF-E690F33716B3}.Release|Any CPU.ActiveCfg = Release|Any CPU
		{B1EBD62E-CA97-4EB8-B0BF-E690F33716B3}.Release|Any CPU.Build.0 = Release|Any CPU
	EndGlobalSection
	GlobalSection(SolutionProperties) = preSolution
		HideSolutionNode = FALSE
	EndGlobalSection
	GlobalSection(NestedProjects) = preSolution
		{0B7044BC-8001-4760-8E9C-71AEAB6E04E2} = {02EA681E-C7D8-13C7-8484-4AC65E1B71E8}
		{26BD1E87-71CD-4B1E-A39F-6FB69B02A260} = {02EA681E-C7D8-13C7-8484-4AC65E1B71E8}
		{330F0116-980E-4137-913B-529158C44F7F} = {02EA681E-C7D8-13C7-8484-4AC65E1B71E8}
		{951DEEA8-5662-4FBE-9459-32290C54C0A1} = {02EA681E-C7D8-13C7-8484-4AC65E1B71E8}
		{09E1053A-61B3-4A26-88AC-E7A50406944D} = {26BD1E87-71CD-4B1E-A39F-6FB69B02A260}
		{A2BA3BDD-FC8E-4CD2-8197-7DB1AF30D76B} = {26BD1E87-71CD-4B1E-A39F-6FB69B02A260}
		{23634DF5-AD8C-4BD1-9449-4023B068B088} = {330F0116-980E-4137-913B-529158C44F7F}
		{A3807B96-FF31-4AF1-B70E-EF5A50D8B51D} = {330F0116-980E-4137-913B-529158C44F7F}
		{F5FB1278-6B9A-4C9A-B9B1-E10110B7CC2C} = {0B7044BC-8001-4760-8E9C-71AEAB6E04E2}
		{B1EBD62E-CA97-4EB8-B0BF-E690F33716B3} = {C0757033-B957-415C-AE67-66349B64CB81}
	EndGlobalSection
	GlobalSection(ExtensibilityGlobals) = postSolution
		SolutionGuid = {F87F5F2C-B719-4000-B702-065CC7F1DEA1}
	EndGlobalSection
EndGlobal
